
Microsoft Visual Studio Solution File, Format Version 12.00
# Visual Studio Version 17
VisualStudioVersion = 17.5.002.0
MinimumVisualStudioVersion = 10.0.40219.1
Project("{9A19103F-16F7-4668-BE54-9A1E7A4F7556}") = "JsonFileService", "JsonFileService.csproj", "{733C2458-263A-4A14-ABCB-EA91EE735708}"
EndProject
Global
	GlobalSection(SolutionConfigurationPlatforms) = preSolution
		Debug|Any CPU = Debug|Any CPU
		Release|Any CPU = Release|Any CPU
	EndGlobalSection
	GlobalSection(ProjectConfigurationPlatforms) = postSolution
		{733C2458-263A-4A14-ABCB-EA91EE735708}.Debug|Any CPU.ActiveCfg = Debug|Any CPU
		{733C2458-263A-4A14-ABCB-EA91EE735708}.Debug|Any CPU.Build.0 = Debug|Any CPU
		{733C2458-263A-4A14-ABCB-EA91EE735708}.Release|Any CPU.ActiveCfg = Release|Any CPU
		{733C2458-263A-4A14-ABCB-EA91EE735708}.Release|Any CPU.Build.0 = Release|Any CPU
	EndGlobalSection
	GlobalSection(SolutionProperties) = preSolution
		HideSolutionNode = FALSE
	EndGlobalSection
	GlobalSection(ExtensibilityGlobals) = postSolution
		SolutionGuid = {3321E6A8-917A-4E5B-9E1F-7DC409B80888}
	EndGlobalSection
EndGlobal
